
Microsoft Visual Studio Solution File, Format Version 12.00
# Visual Studio Version 17
VisualStudioVersion = 17.10.35004.147
MinimumVisualStudioVersion = 10.0.40219.1
Project("{FAE04EC0-301F-11D3-BF4B-00C04F79EFBC}") = "HumanResorcues", "HumanResorcues\HumanResorcues.csproj", "{2DC12964-63B6-488F-B50E-F93DF302048A}"
EndProject
Global
	GlobalSection(SolutionConfigurationPlatforms) = preSolution
		Debug|Any CPU = Debug|Any CPU
		Release|Any CPU = Release|Any CPU
	EndGlobalSection
	GlobalSection(ProjectConfigurationPlatforms) = postSolution
		{2DC12964-63B6-488F-B50E-F93DF302048A}.Debug|Any CPU.ActiveCfg = Debug|Any CPU
		{2DC12964-63B6-488F-B50E-F93DF302048A}.Debug|Any CPU.Build.0 = Debug|Any CPU
		{2DC12964-63B6-488F-B50E-F93DF302048A}.Release|Any CPU.ActiveCfg = Release|Any CPU
		{2DC12964-63B6-488F-B50E-F93DF302048A}.Release|Any CPU.Build.0 = Release|Any CPU
	EndGlobalSection
	GlobalSection(SolutionProperties) = preSolution
		HideSolutionNode = FALSE
	EndGlobalSection
	GlobalSection(ExtensibilityGlobals) = postSolution
		SolutionGuid = {F12D16CB-AAA6-4D05-A6F9-3893157700A0}
	EndGlobalSection
EndGlobal
